
Microsoft Visual Studio Solution File, Format Version 12.00
# Visual Studio Version 17
VisualStudioVersion = 17.0.31903.59
MinimumVisualStudioVersion = 10.0.40219.1
Project("{9A19103F-16F7-4668-BE54-9A1E7A4F7556}") = "llama-demo.console", "llama-demo.console\llama-demo.console.csproj", "{58733758-11DB-4CF6-98A1-65BA0EF1227F}"
EndProject
Project("{FAE04EC0-301F-11D3-BF4B-00C04F79EFBC}") = "llama-demo.wpf", "llama-demo.wpf\llama-demo.wpf.csproj", "{E1367A54-90A1-4C92-BD51-23387131013A}"
EndProject
Global
	GlobalSection(SolutionConfigurationPlatforms) = preSolution
		Debug|Any CPU = Debug|Any CPU
		Release|Any CPU = Release|Any CPU
	EndGlobalSection
	GlobalSection(ProjectConfigurationPlatforms) = postSolution
		{58733758-11DB-4CF6-98A1-65BA0EF1227F}.Debug|Any CPU.ActiveCfg = Debug|Any CPU
		{58733758-11DB-4CF6-98A1-65BA0EF1227F}.Debug|Any CPU.Build.0 = Debug|Any CPU
		{58733758-11DB-4CF6-98A1-65BA0EF1227F}.Release|Any CPU.ActiveCfg = Release|Any CPU
		{58733758-11DB-4CF6-98A1-65BA0EF1227F}.Release|Any CPU.Build.0 = Release|Any CPU
		{E1367A54-90A1-4C92-BD51-23387131013A}.Debug|Any CPU.ActiveCfg = Debug|Any CPU
		{E1367A54-90A1-4C92-BD51-23387131013A}.Debug|Any CPU.Build.0 = Debug|Any CPU
		{E1367A54-90A1-4C92-BD51-23387131013A}.Release|Any CPU.ActiveCfg = Release|Any CPU
		{E1367A54-90A1-4C92-BD51-23387131013A}.Release|Any CPU.Build.0 = Release|Any CPU
	EndGlobalSection
	GlobalSection(SolutionProperties) = preSolution
		HideSolutionNode = FALSE
	EndGlobalSection
EndGlobal
